
Microsoft Visual Studio Solution File, Format Version 12.00
# Visual Studio Version 17
VisualStudioVersion = 17.0.31717.71
MinimumVisualStudioVersion = 10.0.40219.1
Project("{9A19103F-16F7-4668-BE54-9A1E7A4F7556}") = "MudBlazorTemplates1", "MudBlazorTemplates1.csproj", "{F1291F17-16E8-49FD-B67F-DD5F2157A614}"
EndProject
Global
	GlobalSection(SolutionConfigurationPlatforms) = preSolution
		Debug|Any CPU = Debug|Any CPU
		Release|Any CPU = Release|Any CPU
	EndGlobalSection
	GlobalSection(ProjectConfigurationPlatforms) = postSolution
		{F1291F17-16E8-49FD-B67F-DD5F2157A614}.Debug|Any CPU.ActiveCfg = Debug|Any CPU
		{F1291F17-16E8-49FD-B67F-DD5F2157A614}.Debug|Any CPU.Build.0 = Debug|Any CPU
		{F1291F17-16E8-49FD-B67F-DD5F2157A614}.Release|Any CPU.ActiveCfg = Release|Any CPU
		{F1291F17-16E8-49FD-B67F-DD5F2157A614}.Release|Any CPU.Build.0 = Release|Any CPU
	EndGlobalSection
	GlobalSection(SolutionProperties) = preSolution
		HideSolutionNode = FALSE
	EndGlobalSection
	GlobalSection(ExtensibilityGlobals) = postSolution
		SolutionGuid = {1D8C02C9-6A57-400E-AFF6-775175247CB1}
	EndGlobalSection
EndGlobal